
Microsoft Visual Studio Solution File, Format Version 12.00
# Visual Studio Version 17
VisualStudioVersion = 17.0.32126.317
MinimumVisualStudioVersion = 10.0.40219.1
Project("{FAE04EC0-301F-11D3-BF4B-00C04F79EFBC}") = "Thermofisher_intern_CSV_viewer", "Thermofisher_intern_CSV_viewer\Thermofisher_intern_CSV_viewer.csproj", "{ADD7A072-A37B-49B2-A47E-83DB50FCEFD0}"
EndProject
Global
	GlobalSection(SolutionConfigurationPlatforms) = preSolution
		Debug|Any CPU = Debug|Any CPU
		Release|Any CPU = Release|Any CPU
	EndGlobalSection
	GlobalSection(ProjectConfigurationPlatforms) = postSolution
		{ADD7A072-A37B-49B2-A47E-83DB50FCEFD0}.Debug|Any CPU.ActiveCfg = Debug|Any CPU
		{ADD7A072-A37B-49B2-A47E-83DB50FCEFD0}.Debug|Any CPU.Build.0 = Debug|Any CPU
		{ADD7A072-A37B-49B2-A47E-83DB50FCEFD0}.Release|Any CPU.ActiveCfg = Release|Any CPU
		{ADD7A072-A37B-49B2-A47E-83DB50FCEFD0}.Release|Any CPU.Build.0 = Release|Any CPU
	EndGlobalSection
	GlobalSection(SolutionProperties) = preSolution
		HideSolutionNode = FALSE
	EndGlobalSection
	GlobalSection(ExtensibilityGlobals) = postSolution
		SolutionGuid = {D21A14FD-67E2-4DC4-8961-0BC545C15158}
	EndGlobalSection
EndGlobal
